{
  "version": 4,
  "terraform_version": "1.13.5",
  "serial": 69,
  "lineage": "e32f5eb6-ffa0-f3ff-ceb5-2e56ef6b4765",
  "outputs": {
    "region": {
      "value": [
        "ap-south-1"
      ],
      "type": [
        "tuple",
        [
          "string"
        ]
      ]
    }
  },
  "resources": [
    {
      "mode": "managed",
      "type": "aws_s3_bucket",
      "name": "s3_terraform_state",
      "provider": "provider[\"registry.terraform.io/hashicorp/aws\"]",
      "instances": [
        {
          "schema_version": 0,
          "attributes": {
            "acceleration_status": "",
            "acl": null,
            "arn": "arn:aws:s3:::scarfall-terraform-state-30rhjmey",
            "bucket": "scarfall-terraform-state-30rhjmey",
            "bucket_domain_name": "scarfall-terraform-state-30rhjmey.s3.amazonaws.com",
            "bucket_prefix": "",
            "bucket_regional_domain_name": "scarfall-terraform-state-30rhjmey.s3.ap-south-1.amazonaws.com",
            "cors_rule": [],
            "force_destroy": false,
            "grant": [
              {
                "id": "727b2e8b22344f8099027ead1a3aa9e034b0e5ec6965d8fc65df1d9bb85459c8",
                "permissions": [
                  "FULL_CONTROL"
                ],
                "type": "CanonicalUser",
                "uri": ""
              }
            ],
            "hosted_zone_id": "Z11RGJOFQNVJUP",
            "id": "scarfall-terraform-state-30rhjmey",
            "lifecycle_rule": [],
            "logging": [],
            "object_lock_configuration": [],
            "object_lock_enabled": false,
            "policy": "",
            "region": "ap-south-1",
            "replication_configuration": [],
            "request_payer": "BucketOwner",
            "server_side_encryption_configuration": [
              {
                "rule": [
                  {
                    "apply_server_side_encryption_by_default": [
                      {
                        "kms_master_key_id": "",
                        "sse_algorithm": "AES256"
                      }
                    ],
                    "bucket_key_enabled": false
                  }
                ]
              }
            ],
            "tags": {},
            "tags_all": {},
            "timeouts": null,
            "versioning": [
              {
                "enabled": false,
                "mfa_delete": false
              }
            ],
            "website": [],
            "website_domain": null,
            "website_endpoint": null
          },
          "sensitive_attributes": [],
          "identity_schema_version": 0,
          "private": "eyJlMmJmYjczMC1lY2FhLTExZTYtOGY4OC0zNDM2M2JjN2M0YzAiOnsiY3JlYXRlIjoxMjAwMDAwMDAwMDAwLCJkZWxldGUiOjM2MDAwMDAwMDAwMDAsInJlYWQiOjEyMDAwMDAwMDAwMDAsInVwZGF0ZSI6MTIwMDAwMDAwMDAwMH19",
          "dependencies": [
            "random_string.suffix"
          ]
        }
      ]
    },
    {
      "mode": "managed",
      "type": "local_file",
      "name": "backend_config",
      "provider": "provider[\"registry.terraform.io/hashicorp/local\"]",
      "instances": [
        {
          "index_key": "efs",
          "schema_version": 0,
          "attributes": {
            "content": "terraform {\n  backend \"s3\" {\n    bucket         = \"scarfall-terraform-state-30rhjmey\"\n    key            = \"efs.tfstate\"\n    region         = \"ap-south-1\"\n    use_lockfile   = true\n    encrypt        = true\n    profile        = \"scarfall-dev\"\n  }\n}",
            "content_base64": null,
            "content_base64sha256": "akjXpVlFSECjc5zWWmv6nEmceeTcGRosP70o2NC2hg4=",
            "content_base64sha512": "9unLx1oP74WR8eM0Z93bMzVMa7G7N27h1LeCVuRbN65AKpCSvwZsRzMuJWRq5vV/OTIkXzfhwikrlez5OReayA==",
            "content_md5": "5b55d4d6448bf3c751f8a889664e5850",
            "content_sha1": "0ea33204fb0258246ef486802db7fc7add024224",
            "content_sha256": "6a48d7a559454840a3739cd65a6bfa9c499c79e4dc191a2c3fbd28d8d0b6860e",
            "content_sha512": "f6e9cbc75a0fef8591f1e33467dddb33354c6bb1bb376ee1d4b78256e45b37ae402a9092bf066c47332e25646ae6f57f3932245f37e1c2292b95ecf939179ac8",
            "directory_permission": "0777",
            "file_permission": "0777",
            "filename": "./../efs/backend.tf",
            "id": "0ea33204fb0258246ef486802db7fc7add024224",
            "sensitive_content": null,
            "source": null
          },
          "sensitive_attributes": [
            [
              {
                "type": "get_attr",
                "value": "sensitive_content"
              }
            ]
          ],
          "identity_schema_version": 0,
          "dependencies": [
            "aws_s3_bucket.s3_terraform_state",
            "local_file.terraform_plan",
            "random_string.suffix"
          ]
        },
        {
          "index_key": "eks",
          "schema_version": 0,
          "attributes": {
            "content": "terraform {\n  backend \"s3\" {\n    bucket         = \"scarfall-terraform-state-30rhjmey\"\n    key            = \"eks.tfstate\"\n    region         = \"ap-south-1\"\n    use_lockfile   = true\n    encrypt        = true\n    profile        = \"scarfall-dev\"\n  }\n}",
            "content_base64": null,
            "content_base64sha256": "NXlShVF21tGjx2NYo+7CSnRhLrAeQgu/O5hbohKCigU=",
            "content_base64sha512": "qe2aNU7cwHNf8Kk2ZlJHRFwUbebsKuLBffW5B/C+moUrLRDB48UrGqkXwDsh42LfCCT0lBJflzbYbSivp5o/Og==",
            "content_md5": "31c09e6bc980fa38429dd861de4f3f66",
            "content_sha1": "fbc9b8ebe995d0d8a7749fe4bf1cbb89d9914faf",
            "content_sha256": "357952855176d6d1a3c76358a3eec24a74612eb01e420bbf3b985ba212828a05",
            "content_sha512": "a9ed9a354edcc0735ff0a936665247445c146de6ec2ae2c17df5b907f0be9a852b2d10c1e3c52b1aa917c03b21e362df0824f494125f9736d86d28afa79a3f3a",
            "directory_permission": "0777",
            "file_permission": "0777",
            "filename": "./../eks/backend.tf",
            "id": "fbc9b8ebe995d0d8a7749fe4bf1cbb89d9914faf",
            "sensitive_content": null,
            "source": null
          },
          "sensitive_attributes": [
            [
              {
                "type": "get_attr",
                "value": "sensitive_content"
              }
            ]
          ],
          "identity_schema_version": 0,
          "dependencies": [
            "aws_s3_bucket.s3_terraform_state",
            "local_file.terraform_plan",
            "random_string.suffix"
          ]
        },
        {
          "index_key": "eksaddon",
          "schema_version": 0,
          "attributes": {
            "content": "terraform {\n  backend \"s3\" {\n    bucket         = \"scarfall-terraform-state-30rhjmey\"\n    key            = \"eksaddon.tfstate\"\n    region         = \"ap-south-1\"\n    use_lockfile   = true\n    encrypt        = true\n    profile        = \"scarfall-dev\"\n  }\n}",
            "content_base64": null,
            "content_base64sha256": "EYgeR842PuCOhHOgJkVTggCG+eclfLdC++CLpPkl5PM=",
            "content_base64sha512": "v0wygomJ4wU+lIHA67juLR5PcBpHBIVKkyiNWd1P0ccy8w5/qG5L1WwgCh5/AKH6ynQlGpyJUl4XJDiph1ysUA==",
            "content_md5": "1f28e4f3b7e298681bd00787b9769405",
            "content_sha1": "e04e96ea94f1a00899602a560e80e0b68349e40c",
            "content_sha256": "11881e47ce363ee08e8473a0264553820086f9e7257cb742fbe08ba4f925e4f3",
            "content_sha512": "bf4c32828989e3053e9481c0ebb8ee2d1e4f701a4704854a93288d59dd4fd1c732f30e7fa86e4bd56c200a1e7f00a1faca74251a9c89525e172438a9875cac50",
            "directory_permission": "0777",
            "file_permission": "0777",
            "filename": "./../eksaddon/backend.tf",
            "id": "e04e96ea94f1a00899602a560e80e0b68349e40c",
            "sensitive_content": null,
            "source": null
          },
          "sensitive_attributes": [
            [
              {
                "type": "get_attr",
                "value": "sensitive_content"
              }
            ]
          ],
          "identity_schema_version": 0,
          "dependencies": [
            "aws_s3_bucket.s3_terraform_state",
            "local_file.terraform_plan",
            "random_string.suffix"
          ]
        },
        {
          "index_key": "iam",
          "schema_version": 0,
          "attributes": {
            "content": "terraform {\n  backend \"s3\" {\n    bucket         = \"scarfall-terraform-state-30rhjmey\"\n    key            = \"iam.tfstate\"\n    region         = \"ap-south-1\"\n    use_lockfile   = true\n    encrypt        = true\n    profile        = \"scarfall-dev\"\n  }\n}",
            "content_base64": null,
            "content_base64sha256": "j1FvSnHtbk2JGQJLOsQ2fQPOggZZ1ROQhMN2z+hzMYY=",
            "content_base64sha512": "+0yj8A/cmvXyggu0deEeEASd0fZ2wdOvGi5bNEIMIyW0G8ajj7M/be1w/JVZidOj0b3xi/r3C3EeZ2vFJAJAkA==",
            "content_md5": "475e0567dc5eb2fb2127f91b7b583334",
            "content_sha1": "614a180aba7a2239275c9ef8081c0b0c69907719",
            "content_sha256": "8f516f4a71ed6e4d8919024b3ac4367d03ce820659d5139084c376cfe8733186",
            "content_sha512": "fb4ca3f00fdc9af5f2820bb475e11e10049dd1f676c1d3af1a2e5b34420c2325b41bc6a38fb33f6ded70fc955989d3a3d1bdf18bfaf70b711e676bc524024090",
            "directory_permission": "0777",
            "file_permission": "0777",
            "filename": "./../iam/backend.tf",
            "id": "614a180aba7a2239275c9ef8081c0b0c69907719",
            "sensitive_content": null,
            "source": null
          },
          "sensitive_attributes": [
            [
              {
                "type": "get_attr",
                "value": "sensitive_content"
              }
            ]
          ],
          "identity_schema_version": 0,
          "dependencies": [
            "aws_s3_bucket.s3_terraform_state",
            "local_file.terraform_plan",
            "random_string.suffix"
          ]
        },
        {
          "index_key": "nops",
          "schema_version": 0,
          "attributes": {
            "content": "terraform {\n  backend \"s3\" {\n    bucket         = \"scarfall-terraform-state-30rhjmey\"\n    key            = \"nops.tfstate\"\n    region         = \"ap-south-1\"\n    use_lockfile   = true\n    encrypt        = true\n    profile        = \"scarfall-dev\"\n  }\n}",
            "content_base64": null,
            "content_base64sha256": "UpAIwlLsHtv93D9SumNI9HXQlBGuV6YPpq5/L4HZJ94=",
            "content_base64sha512": "lEcD/gRVJE/JJZ5uUKmIu69AT48dGevjVSG/wjW2oC5cMFs12JycQo/5aZgPHpjac/xmwGNA4yJwcK8LEIn36w==",
            "content_md5": "97e34aabfbe9325c36282a1b19bc23d2",
            "content_sha1": "8392e6af4e3effa4f6d11b741946bea11ee09678",
            "content_sha256": "529008c252ec1edbfddc3f52ba6348f475d09411ae57a60fa6ae7f2f81d927de",
            "content_sha512": "944703fe0455244fc9259e6e50a988bbaf404f8f1d19ebe35521bfc235b6a02e5c305b35d89c9c428ff969980f1e98da73fc66c06340e3227070af0b1089f7eb",
            "directory_permission": "0777",
            "file_permission": "0777",
            "filename": "./../nops/backend.tf",
            "id": "8392e6af4e3effa4f6d11b741946bea11ee09678",
            "sensitive_content": null,
            "source": null
          },
          "sensitive_attributes": [
            [
              {
                "type": "get_attr",
                "value": "sensitive_content"
              }
            ]
          ],
          "identity_schema_version": 0,
          "dependencies": [
            "aws_s3_bucket.s3_terraform_state",
            "local_file.terraform_plan",
            "random_string.suffix"
          ]
        },
        {
          "index_key": "s3",
          "schema_version": 0,
          "attributes": {
            "content": "terraform {\n  backend \"s3\" {\n    bucket         = \"scarfall-terraform-state-30rhjmey\"\n    key            = \"s3.tfstate\"\n    region         = \"ap-south-1\"\n    use_lockfile   = true\n    encrypt        = true\n    profile        = \"scarfall-dev\"\n  }\n}",
            "content_base64": null,
            "content_base64sha256": "ohXJAG2k48n0cKrO3Hz00oPdDrFRPmabqyNvLyVoBlE=",
            "content_base64sha512": "J6ytASEYhUxPAh/KLPbTKCungetpnvPvtARc3sOUs2IZlKT2JMsjeSMTtadpM4+NkPTWti3F+Tx68l7sMiaLKQ==",
            "content_md5": "07f7bc225acec38e89c12fda2b717bc1",
            "content_sha1": "42bf5846d06dd8f1f242ae7727a2414bc68be52f",
            "content_sha256": "a215c9006da4e3c9f470aacedc7cf4d283dd0eb1513e669bab236f2f25680651",
            "content_sha512": "27acad012118854c4f021fca2cf6d3282ba781eb699ef3efb4045cdec394b3621994a4f624cb23792313b5a769338f8d90f4d6b62dc5f93c7af25eec32268b29",
            "directory_permission": "0777",
            "file_permission": "0777",
            "filename": "./../s3/backend.tf",
            "id": "42bf5846d06dd8f1f242ae7727a2414bc68be52f",
            "sensitive_content": null,
            "source": null
          },
          "sensitive_attributes": [
            [
              {
                "type": "get_attr",
                "value": "sensitive_content"
              }
            ]
          ],
          "identity_schema_version": 0,
          "dependencies": [
            "aws_s3_bucket.s3_terraform_state",
            "local_file.terraform_plan",
            "random_string.suffix"
          ]
        },
        {
          "index_key": "vpc",
          "schema_version": 0,
          "attributes": {
            "content": "terraform {\n  backend \"s3\" {\n    bucket         = \"scarfall-terraform-state-30rhjmey\"\n    key            = \"vpc.tfstate\"\n    region         = \"ap-south-1\"\n    use_lockfile   = true\n    encrypt        = true\n    profile        = \"scarfall-dev\"\n  }\n}",
            "content_base64": null,
            "content_base64sha256": "Suzh9/ADexXQbLBLt/vOounBLMDei5INx4vYA4ORkHU=",
            "content_base64sha512": "sLXvAo7wU7LHTE/tTydLgfF+MbmquKe3HkTNdebokwqoefeU5/CtvbRbAZ3dvNf1rp1TO3JpVTIwvblRW93HSQ==",
            "content_md5": "1d5a66c696160691d01f57c4b2a47cc7",
            "content_sha1": "c6535572473c035fd708f1ac8a6eb86cf108839b",
            "content_sha256": "4aece1f7f0037b15d06cb04bb7fbcea2e9c12cc0de8b920dc78bd80383919075",
            "content_sha512": "b0b5ef028ef053b2c74c4fed4f274b81f17e31b9aab8a7b71e44cd75e6e8930aa879f794e7f0adbdb45b019dddbcd7f5ae9d533b7269553230bdb9515bddc749",
            "directory_permission": "0777",
            "file_permission": "0777",
            "filename": "./../vpc/backend.tf",
            "id": "c6535572473c035fd708f1ac8a6eb86cf108839b",
            "sensitive_content": null,
            "source": null
          },
          "sensitive_attributes": [
            [
              {
                "type": "get_attr",
                "value": "sensitive_content"
              }
            ]
          ],
          "identity_schema_version": 0,
          "dependencies": [
            "aws_s3_bucket.s3_terraform_state",
            "local_file.terraform_plan",
            "random_string.suffix"
          ]
        }
      ]
    },
    {
      "mode": "managed",
      "type": "local_file",
      "name": "remote_config",
      "provider": "provider[\"registry.terraform.io/hashicorp/local\"]",
      "instances": [
        {
          "index_key": "efs",
          "schema_version": 0,
          "attributes": {
            "content": "data \"terraform_remote_state\" \"vpc\" {\n  backend = \"s3\"\n  config = {\n    bucket  = \"scarfall-terraform-state-30rhjmey\"\n    region  = \"ap-south-1\"\n    key     = \"vpc.tfstate\"\n    profile = \"scarfall-dev\"\n  }\n}\n",
            "content_base64": null,
            "content_base64sha256": "BvViug96WbWz299FvxPnSiZdBOkoAIW4b+/E6AkeAuo=",
            "content_base64sha512": "lGXWacMwkZE6v0z8Xg+lYtt1lgSG1dOLN2z9d314KbwlY1aGKdp7ROSkeSOu+Wq5eRtWEEWZz7fBGtPvsJpk1A==",
            "content_md5": "7af8c90bcc087b95fbddd31c6c10fcf7",
            "content_sha1": "bc4375c94e1304f9e4d9fc656e7c02bf329da562",
            "content_sha256": "06f562ba0f7a59b5b3dbdf45bf13e74a265d04e9280085b86fefc4e8091e02ea",
            "content_sha512": "9465d669c33091913abf4cfc5e0fa562db75960486d5d38b376cfd777d7829bc2563568629da7b44e4a47923aef96ab9791b56104599cfb7c11ad3efb09a64d4",
            "directory_permission": "0777",
            "file_permission": "0777",
            "filename": "./../efs/remote-state.tf",
            "id": "bc4375c94e1304f9e4d9fc656e7c02bf329da562",
            "sensitive_content": null,
            "source": null
          },
          "sensitive_attributes": [
            [
              {
                "type": "get_attr",
                "value": "sensitive_content"
              }
            ]
          ],
          "identity_schema_version": 0,
          "dependencies": [
            "aws_s3_bucket.s3_terraform_state",
            "local_file.terraform_plan",
            "random_string.suffix"
          ]
        },
        {
          "index_key": "eks",
          "schema_version": 0,
          "attributes": {
            "content": "data \"terraform_remote_state\" \"vpc\" {\n  backend = \"s3\"\n  config = {\n    bucket  = \"scarfall-terraform-state-30rhjmey\"\n    region  = \"ap-south-1\"\n    key     = \"vpc.tfstate\"\n    profile = \"scarfall-dev\"\n  }\n}\n",
            "content_base64": null,
            "content_base64sha256": "BvViug96WbWz299FvxPnSiZdBOkoAIW4b+/E6AkeAuo=",
            "content_base64sha512": "lGXWacMwkZE6v0z8Xg+lYtt1lgSG1dOLN2z9d314KbwlY1aGKdp7ROSkeSOu+Wq5eRtWEEWZz7fBGtPvsJpk1A==",
            "content_md5": "7af8c90bcc087b95fbddd31c6c10fcf7",
            "content_sha1": "bc4375c94e1304f9e4d9fc656e7c02bf329da562",
            "content_sha256": "06f562ba0f7a59b5b3dbdf45bf13e74a265d04e9280085b86fefc4e8091e02ea",
            "content_sha512": "9465d669c33091913abf4cfc5e0fa562db75960486d5d38b376cfd777d7829bc2563568629da7b44e4a47923aef96ab9791b56104599cfb7c11ad3efb09a64d4",
            "directory_permission": "0777",
            "file_permission": "0777",
            "filename": "./../eks/remote-state.tf",
            "id": "bc4375c94e1304f9e4d9fc656e7c02bf329da562",
            "sensitive_content": null,
            "source": null
          },
          "sensitive_attributes": [
            [
              {
                "type": "get_attr",
                "value": "sensitive_content"
              }
            ]
          ],
          "identity_schema_version": 0,
          "dependencies": [
            "aws_s3_bucket.s3_terraform_state",
            "local_file.terraform_plan",
            "random_string.suffix"
          ]
        },
        {
          "index_key": "eksaddon",
          "schema_version": 0,
          "attributes": {
            "content": "data \"terraform_remote_state\" \"vpc\" {\n  backend = \"s3\"\n  config = {\n    bucket  = \"scarfall-terraform-state-30rhjmey\"\n    region  = \"ap-south-1\"\n    key     = \"vpc.tfstate\"\n    profile = \"scarfall-dev\"\n  }\n}\ndata \"terraform_remote_state\" \"eks\" {\n  backend = \"s3\"\n  config = {\n    bucket  = \"scarfall-terraform-state-30rhjmey\"\n    region  = \"ap-south-1\"\n    key     = \"eks.tfstate\"\n    profile = \"scarfall-dev\"\n  }\n}\ndata \"terraform_remote_state\" \"efs\" {\n  backend = \"s3\"\n  config = {\n    bucket  = \"scarfall-terraform-state-30rhjmey\"\n    region  = \"ap-south-1\"\n    key     = \"efs.tfstate\"\n    profile = \"scarfall-dev\"\n  }\n}\n",
            "content_base64": null,
            "content_base64sha256": "R5BhjJDSi0MnQ1yhwzj5c4p49ixWPBdWnE8AGeXodAg=",
            "content_base64sha512": "Qq0vXIowkdADdmzh90xjil3ELis9QeFD+MgUqMsUMVMG4kMOpnvRWoCBTJgy0KaeMmwAq/7w0z5dJk9pS7mqZw==",
            "content_md5": "ee7c71529e3a0a8eac63f245bce9c677",
            "content_sha1": "71b28edd14a09009417a42d89b0a491b2dc75111",
            "content_sha256": "4790618c90d28b4327435ca1c338f9738a78f62c563c17569c4f0019e5e87408",
            "content_sha512": "42ad2f5c8a3091d003766ce1f74c638a5dc42e2b3d41e143f8c814a8cb14315306e2430ea67bd15a80814c9832d0a69e326c00abfef0d33e5d264f694bb9aa67",
            "directory_permission": "0777",
            "file_permission": "0777",
            "filename": "./../eksaddon/remote-state.tf",
            "id": "71b28edd14a09009417a42d89b0a491b2dc75111",
            "sensitive_content": null,
            "source": null
          },
          "sensitive_attributes": [
            [
              {
                "type": "get_attr",
                "value": "sensitive_content"
              }
            ]
          ],
          "identity_schema_version": 0,
          "dependencies": [
            "aws_s3_bucket.s3_terraform_state",
            "local_file.terraform_plan",
            "random_string.suffix"
          ]
        },
        {
          "index_key": "iam",
          "schema_version": 0,
          "attributes": {
            "content": "data \"terraform_remote_state\" \"eks\" {\n  backend = \"s3\"\n  config = {\n    bucket  = \"scarfall-terraform-state-30rhjmey\"\n    region  = \"ap-south-1\"\n    key     = \"eks.tfstate\"\n    profile = \"scarfall-dev\"\n  }\n}\n",
            "content_base64": null,
            "content_base64sha256": "jPKRHYUYdMOyY83tje/s/6qiEDMTcPkHs4jvnVsfeeo=",
            "content_base64sha512": "8Sgb0Qc2IuuQWWBWfLIbU6yGkrbJA1xl/9gaiOXnM3R50iAgk/XjAdS8f12NL2dTwQDWb0TPiheaujrlmyy18A==",
            "content_md5": "a99c7ab2eb22135ff82048724803a012",
            "content_sha1": "9f559a80e9cfd29102f104052f93255e5e8c31fd",
            "content_sha256": "8cf2911d851874c3b263cded8defecffaaa210331370f907b388ef9d5b1f79ea",
            "content_sha512": "f1281bd1073622eb905960567cb21b53ac8692b6c9035c65ffd81a88e5e7337479d2202093f5e301d4bc7f5d8d2f6753c100d66f44cf8a179aba3ae59b2cb5f0",
            "directory_permission": "0777",
            "file_permission": "0777",
            "filename": "./../iam/remote-state.tf",
            "id": "9f559a80e9cfd29102f104052f93255e5e8c31fd",
            "sensitive_content": null,
            "source": null
          },
          "sensitive_attributes": [
            [
              {
                "type": "get_attr",
                "value": "sensitive_content"
              }
            ]
          ],
          "identity_schema_version": 0,
          "dependencies": [
            "aws_s3_bucket.s3_terraform_state",
            "local_file.terraform_plan",
            "random_string.suffix"
          ]
        }
      ]
    },
    {
      "mode": "managed",
      "type": "local_file",
      "name": "terraform_plan",
      "provider": "provider[\"registry.terraform.io/hashicorp/local\"]",
      "instances": [
        {
          "index_key": "efs",
          "schema_version": 0,
          "attributes": {
            "content": "",
            "content_base64": null,
            "content_base64sha256": "47DEQpj8HBSa+/TImW+5JCeuQeRkm5NMpJWZG3hSuFU=",
            "content_base64sha512": "z4PhNX7vuL3xVChQ1m2AB9Yg5AULVxXcg/SpIdNs6c5H0NE8XYXysP+DGNKHfuwvY7kxvUdBeoGlODJ6+SfaPg==",
            "content_md5": "d41d8cd98f00b204e9800998ecf8427e",
            "content_sha1": "da39a3ee5e6b4b0d3255bfef95601890afd80709",
            "content_sha256": "e3b0c44298fc1c149afbf4c8996fb92427ae41e4649b934ca495991b7852b855",
            "content_sha512": "cf83e1357eefb8bdf1542850d66d8007d620e4050b5715dc83f4a921d36ce9ce47d0d13c5d85f2b0ff8318d2877eec2f63b931bd47417a81a538327af927da3e",
            "directory_permission": "0777",
            "file_permission": "0777",
            "filename": "./../efs/plan/.gitkeep",
            "id": "da39a3ee5e6b4b0d3255bfef95601890afd80709",
            "sensitive_content": null,
            "source": null
          },
          "sensitive_attributes": [
            [
              {
                "type": "get_attr",
                "value": "sensitive_content"
              }
            ]
          ],
          "identity_schema_version": 0
        },
        {
          "index_key": "eks",
          "schema_version": 0,
          "attributes": {
            "content": "",
            "content_base64": null,
            "content_base64sha256": "47DEQpj8HBSa+/TImW+5JCeuQeRkm5NMpJWZG3hSuFU=",
            "content_base64sha512": "z4PhNX7vuL3xVChQ1m2AB9Yg5AULVxXcg/SpIdNs6c5H0NE8XYXysP+DGNKHfuwvY7kxvUdBeoGlODJ6+SfaPg==",
            "content_md5": "d41d8cd98f00b204e9800998ecf8427e",
            "content_sha1": "da39a3ee5e6b4b0d3255bfef95601890afd80709",
            "content_sha256": "e3b0c44298fc1c149afbf4c8996fb92427ae41e4649b934ca495991b7852b855",
            "content_sha512": "cf83e1357eefb8bdf1542850d66d8007d620e4050b5715dc83f4a921d36ce9ce47d0d13c5d85f2b0ff8318d2877eec2f63b931bd47417a81a538327af927da3e",
            "directory_permission": "0777",
            "file_permission": "0777",
            "filename": "./../eks/plan/.gitkeep",
            "id": "da39a3ee5e6b4b0d3255bfef95601890afd80709",
            "sensitive_content": null,
            "source": null
          },
          "sensitive_attributes": [
            [
              {
                "type": "get_attr",
                "value": "sensitive_content"
              }
            ]
          ],
          "identity_schema_version": 0
        },
        {
          "index_key": "eksaddon",
          "schema_version": 0,
          "attributes": {
            "content": "",
            "content_base64": null,
            "content_base64sha256": "47DEQpj8HBSa+/TImW+5JCeuQeRkm5NMpJWZG3hSuFU=",
            "content_base64sha512": "z4PhNX7vuL3xVChQ1m2AB9Yg5AULVxXcg/SpIdNs6c5H0NE8XYXysP+DGNKHfuwvY7kxvUdBeoGlODJ6+SfaPg==",
            "content_md5": "d41d8cd98f00b204e9800998ecf8427e",
            "content_sha1": "da39a3ee5e6b4b0d3255bfef95601890afd80709",
            "content_sha256": "e3b0c44298fc1c149afbf4c8996fb92427ae41e4649b934ca495991b7852b855",
            "content_sha512": "cf83e1357eefb8bdf1542850d66d8007d620e4050b5715dc83f4a921d36ce9ce47d0d13c5d85f2b0ff8318d2877eec2f63b931bd47417a81a538327af927da3e",
            "directory_permission": "0777",
            "file_permission": "0777",
            "filename": "./../eksaddon/plan/.gitkeep",
            "id": "da39a3ee5e6b4b0d3255bfef95601890afd80709",
            "sensitive_content": null,
            "source": null
          },
          "sensitive_attributes": [
            [
              {
                "type": "get_attr",
                "value": "sensitive_content"
              }
            ]
          ],
          "identity_schema_version": 0
        },
        {
          "index_key": "iam",
          "schema_version": 0,
          "attributes": {
            "content": "",
            "content_base64": null,
            "content_base64sha256": "47DEQpj8HBSa+/TImW+5JCeuQeRkm5NMpJWZG3hSuFU=",
            "content_base64sha512": "z4PhNX7vuL3xVChQ1m2AB9Yg5AULVxXcg/SpIdNs6c5H0NE8XYXysP+DGNKHfuwvY7kxvUdBeoGlODJ6+SfaPg==",
            "content_md5": "d41d8cd98f00b204e9800998ecf8427e",
            "content_sha1": "da39a3ee5e6b4b0d3255bfef95601890afd80709",
            "content_sha256": "e3b0c44298fc1c149afbf4c8996fb92427ae41e4649b934ca495991b7852b855",
            "content_sha512": "cf83e1357eefb8bdf1542850d66d8007d620e4050b5715dc83f4a921d36ce9ce47d0d13c5d85f2b0ff8318d2877eec2f63b931bd47417a81a538327af927da3e",
            "directory_permission": "0777",
            "file_permission": "0777",
            "filename": "./../iam/plan/.gitkeep",
            "id": "da39a3ee5e6b4b0d3255bfef95601890afd80709",
            "sensitive_content": null,
            "source": null
          },
          "sensitive_attributes": [
            [
              {
                "type": "get_attr",
                "value": "sensitive_content"
              }
            ]
          ],
          "identity_schema_version": 0
        },
        {
          "index_key": "nops",
          "schema_version": 0,
          "attributes": {
            "content": "",
            "content_base64": null,
            "content_base64sha256": "47DEQpj8HBSa+/TImW+5JCeuQeRkm5NMpJWZG3hSuFU=",
            "content_base64sha512": "z4PhNX7vuL3xVChQ1m2AB9Yg5AULVxXcg/SpIdNs6c5H0NE8XYXysP+DGNKHfuwvY7kxvUdBeoGlODJ6+SfaPg==",
            "content_md5": "d41d8cd98f00b204e9800998ecf8427e",
            "content_sha1": "da39a3ee5e6b4b0d3255bfef95601890afd80709",
            "content_sha256": "e3b0c44298fc1c149afbf4c8996fb92427ae41e4649b934ca495991b7852b855",
            "content_sha512": "cf83e1357eefb8bdf1542850d66d8007d620e4050b5715dc83f4a921d36ce9ce47d0d13c5d85f2b0ff8318d2877eec2f63b931bd47417a81a538327af927da3e",
            "directory_permission": "0777",
            "file_permission": "0777",
            "filename": "./../nops/plan/.gitkeep",
            "id": "da39a3ee5e6b4b0d3255bfef95601890afd80709",
            "sensitive_content": null,
            "source": null
          },
          "sensitive_attributes": [
            [
              {
                "type": "get_attr",
                "value": "sensitive_content"
              }
            ]
          ],
          "identity_schema_version": 0
        },
        {
          "index_key": "s3",
          "schema_version": 0,
          "attributes": {
            "content": "",
            "content_base64": null,
            "content_base64sha256": "47DEQpj8HBSa+/TImW+5JCeuQeRkm5NMpJWZG3hSuFU=",
            "content_base64sha512": "z4PhNX7vuL3xVChQ1m2AB9Yg5AULVxXcg/SpIdNs6c5H0NE8XYXysP+DGNKHfuwvY7kxvUdBeoGlODJ6+SfaPg==",
            "content_md5": "d41d8cd98f00b204e9800998ecf8427e",
            "content_sha1": "da39a3ee5e6b4b0d3255bfef95601890afd80709",
            "content_sha256": "e3b0c44298fc1c149afbf4c8996fb92427ae41e4649b934ca495991b7852b855",
            "content_sha512": "cf83e1357eefb8bdf1542850d66d8007d620e4050b5715dc83f4a921d36ce9ce47d0d13c5d85f2b0ff8318d2877eec2f63b931bd47417a81a538327af927da3e",
            "directory_permission": "0777",
            "file_permission": "0777",
            "filename": "./../s3/plan/.gitkeep",
            "id": "da39a3ee5e6b4b0d3255bfef95601890afd80709",
            "sensitive_content": null,
            "source": null
          },
          "sensitive_attributes": [
            [
              {
                "type": "get_attr",
                "value": "sensitive_content"
              }
            ]
          ],
          "identity_schema_version": 0
        },
        {
          "index_key": "vpc",
          "schema_version": 0,
          "attributes": {
            "content": "",
            "content_base64": null,
            "content_base64sha256": "47DEQpj8HBSa+/TImW+5JCeuQeRkm5NMpJWZG3hSuFU=",
            "content_base64sha512": "z4PhNX7vuL3xVChQ1m2AB9Yg5AULVxXcg/SpIdNs6c5H0NE8XYXysP+DGNKHfuwvY7kxvUdBeoGlODJ6+SfaPg==",
            "content_md5": "d41d8cd98f00b204e9800998ecf8427e",
            "content_sha1": "da39a3ee5e6b4b0d3255bfef95601890afd80709",
            "content_sha256": "e3b0c44298fc1c149afbf4c8996fb92427ae41e4649b934ca495991b7852b855",
            "content_sha512": "cf83e1357eefb8bdf1542850d66d8007d620e4050b5715dc83f4a921d36ce9ce47d0d13c5d85f2b0ff8318d2877eec2f63b931bd47417a81a538327af927da3e",
            "directory_permission": "0777",
            "file_permission": "0777",
            "filename": "./../vpc/plan/.gitkeep",
            "id": "da39a3ee5e6b4b0d3255bfef95601890afd80709",
            "sensitive_content": null,
            "source": null
          },
          "sensitive_attributes": [
            [
              {
                "type": "get_attr",
                "value": "sensitive_content"
              }
            ]
          ],
          "identity_schema_version": 0
        }
      ]
    },
    {
      "mode": "managed",
      "type": "random_string",
      "name": "suffix",
      "provider": "provider[\"registry.terraform.io/hashicorp/random\"]",
      "instances": [
        {
          "schema_version": 2,
          "attributes": {
            "id": "30rhjmey",
            "keepers": null,
            "length": 8,
            "lower": true,
            "min_lower": 6,
            "min_numeric": 2,
            "min_special": 0,
            "min_upper": 0,
            "number": true,
            "numeric": true,
            "override_special": null,
            "result": "30rhjmey",
            "special": false,
            "upper": true
          },
          "sensitive_attributes": [],
          "identity_schema_version": 0
        }
      ]
    }
  ],
  "check_results": null
}
