{
  "version": 4,
  "terraform_version": "1.13.4",
  "serial": 42,
  "lineage": "95fa9dea-31d0-73f5-60c8-020f45b31abf",
  "outputs": {
    "region": {
      "value": [
        "ap-south-1"
      ],
      "type": [
        "tuple",
        [
          "string"
        ]
      ]
    }
  },
  "resources": [
    {
      "mode": "managed",
      "type": "aws_dynamodb_table",
      "name": "terraform_locks",
      "provider": "provider[\"registry.terraform.io/hashicorp/aws\"]",
      "instances": [
        {
          "index_key": "efs",
          "schema_version": 1,
          "attributes": {
            "arn": "arn:aws:dynamodb:ap-south-1:321133955826:table/scarfall_terraform_locks_efs_jhmirn64",
            "attribute": [
              {
                "name": "LockID",
                "type": "S"
              }
            ],
            "billing_mode": "PAY_PER_REQUEST",
            "deletion_protection_enabled": false,
            "global_secondary_index": [],
            "hash_key": "LockID",
            "id": "scarfall_terraform_locks_efs_jhmirn64",
            "import_table": [],
            "local_secondary_index": [],
            "name": "scarfall_terraform_locks_efs_jhmirn64",
            "on_demand_throughput": [],
            "point_in_time_recovery": [
              {
                "enabled": false,
                "recovery_period_in_days": 0
              }
            ],
            "range_key": null,
            "read_capacity": 0,
            "replica": [],
            "restore_date_time": null,
            "restore_source_name": null,
            "restore_source_table_arn": null,
            "restore_to_latest_time": null,
            "server_side_encryption": [],
            "stream_arn": "",
            "stream_enabled": false,
            "stream_label": "",
            "stream_view_type": "",
            "table_class": "STANDARD",
            "tags": {},
            "tags_all": {},
            "timeouts": null,
            "ttl": [
              {
                "attribute_name": "",
                "enabled": false
              }
            ],
            "write_capacity": 0
          },
          "sensitive_attributes": [],
          "identity_schema_version": 0,
          "private": "eyJlMmJmYjczMC1lY2FhLTExZTYtOGY4OC0zNDM2M2JjN2M0YzAiOnsiY3JlYXRlIjoxODAwMDAwMDAwMDAwLCJkZWxldGUiOjYwMDAwMDAwMDAwMCwidXBkYXRlIjozNjAwMDAwMDAwMDAwfSwic2NoZW1hX3ZlcnNpb24iOiIxIn0=",
          "dependencies": [
            "aws_s3_bucket.s3_terraform_state",
            "random_string.suffix"
          ]
        },
        {
          "index_key": "eks",
          "schema_version": 1,
          "attributes": {
            "arn": "arn:aws:dynamodb:ap-south-1:321133955826:table/scarfall_terraform_locks_eks_jhmirn64",
            "attribute": [
              {
                "name": "LockID",
                "type": "S"
              }
            ],
            "billing_mode": "PAY_PER_REQUEST",
            "deletion_protection_enabled": false,
            "global_secondary_index": [],
            "hash_key": "LockID",
            "id": "scarfall_terraform_locks_eks_jhmirn64",
            "import_table": [],
            "local_secondary_index": [],
            "name": "scarfall_terraform_locks_eks_jhmirn64",
            "on_demand_throughput": [],
            "point_in_time_recovery": [
              {
                "enabled": false,
                "recovery_period_in_days": 0
              }
            ],
            "range_key": null,
            "read_capacity": 0,
            "replica": [],
            "restore_date_time": null,
            "restore_source_name": null,
            "restore_source_table_arn": null,
            "restore_to_latest_time": null,
            "server_side_encryption": [],
            "stream_arn": "",
            "stream_enabled": false,
            "stream_label": "",
            "stream_view_type": "",
            "table_class": "STANDARD",
            "tags": {},
            "tags_all": {},
            "timeouts": null,
            "ttl": [
              {
                "attribute_name": "",
                "enabled": false
              }
            ],
            "write_capacity": 0
          },
          "sensitive_attributes": [],
          "identity_schema_version": 0,
          "private": "eyJlMmJmYjczMC1lY2FhLTExZTYtOGY4OC0zNDM2M2JjN2M0YzAiOnsiY3JlYXRlIjoxODAwMDAwMDAwMDAwLCJkZWxldGUiOjYwMDAwMDAwMDAwMCwidXBkYXRlIjozNjAwMDAwMDAwMDAwfSwic2NoZW1hX3ZlcnNpb24iOiIxIn0=",
          "dependencies": [
            "aws_s3_bucket.s3_terraform_state",
            "random_string.suffix"
          ]
        },
        {
          "index_key": "eksaddon",
          "schema_version": 1,
          "attributes": {
            "arn": "arn:aws:dynamodb:ap-south-1:321133955826:table/scarfall_terraform_locks_eksaddon_jhmirn64",
            "attribute": [
              {
                "name": "LockID",
                "type": "S"
              }
            ],
            "billing_mode": "PAY_PER_REQUEST",
            "deletion_protection_enabled": false,
            "global_secondary_index": [],
            "hash_key": "LockID",
            "id": "scarfall_terraform_locks_eksaddon_jhmirn64",
            "import_table": [],
            "local_secondary_index": [],
            "name": "scarfall_terraform_locks_eksaddon_jhmirn64",
            "on_demand_throughput": [],
            "point_in_time_recovery": [
              {
                "enabled": false,
                "recovery_period_in_days": 0
              }
            ],
            "range_key": null,
            "read_capacity": 0,
            "replica": [],
            "restore_date_time": null,
            "restore_source_name": null,
            "restore_source_table_arn": null,
            "restore_to_latest_time": null,
            "server_side_encryption": [],
            "stream_arn": "",
            "stream_enabled": false,
            "stream_label": "",
            "stream_view_type": "",
            "table_class": "STANDARD",
            "tags": {},
            "tags_all": {},
            "timeouts": null,
            "ttl": [
              {
                "attribute_name": "",
                "enabled": false
              }
            ],
            "write_capacity": 0
          },
          "sensitive_attributes": [],
          "identity_schema_version": 0,
          "private": "eyJlMmJmYjczMC1lY2FhLTExZTYtOGY4OC0zNDM2M2JjN2M0YzAiOnsiY3JlYXRlIjoxODAwMDAwMDAwMDAwLCJkZWxldGUiOjYwMDAwMDAwMDAwMCwidXBkYXRlIjozNjAwMDAwMDAwMDAwfSwic2NoZW1hX3ZlcnNpb24iOiIxIn0=",
          "dependencies": [
            "aws_s3_bucket.s3_terraform_state",
            "random_string.suffix"
          ]
        },
        {
          "index_key": "iam",
          "schema_version": 1,
          "attributes": {
            "arn": "arn:aws:dynamodb:ap-south-1:321133955826:table/scarfall_terraform_locks_iam_jhmirn64",
            "attribute": [
              {
                "name": "LockID",
                "type": "S"
              }
            ],
            "billing_mode": "PAY_PER_REQUEST",
            "deletion_protection_enabled": false,
            "global_secondary_index": [],
            "hash_key": "LockID",
            "id": "scarfall_terraform_locks_iam_jhmirn64",
            "import_table": [],
            "local_secondary_index": [],
            "name": "scarfall_terraform_locks_iam_jhmirn64",
            "on_demand_throughput": [],
            "point_in_time_recovery": [
              {
                "enabled": false,
                "recovery_period_in_days": 0
              }
            ],
            "range_key": null,
            "read_capacity": 0,
            "replica": [],
            "restore_date_time": null,
            "restore_source_name": null,
            "restore_source_table_arn": null,
            "restore_to_latest_time": null,
            "server_side_encryption": [],
            "stream_arn": "",
            "stream_enabled": false,
            "stream_label": "",
            "stream_view_type": "",
            "table_class": "STANDARD",
            "tags": {},
            "tags_all": {},
            "timeouts": null,
            "ttl": [
              {
                "attribute_name": "",
                "enabled": false
              }
            ],
            "write_capacity": 0
          },
          "sensitive_attributes": [],
          "identity_schema_version": 0,
          "private": "eyJlMmJmYjczMC1lY2FhLTExZTYtOGY4OC0zNDM2M2JjN2M0YzAiOnsiY3JlYXRlIjoxODAwMDAwMDAwMDAwLCJkZWxldGUiOjYwMDAwMDAwMDAwMCwidXBkYXRlIjozNjAwMDAwMDAwMDAwfSwic2NoZW1hX3ZlcnNpb24iOiIxIn0=",
          "dependencies": [
            "aws_s3_bucket.s3_terraform_state",
            "random_string.suffix"
          ]
        },
        {
          "index_key": "s3",
          "schema_version": 1,
          "attributes": {
            "arn": "arn:aws:dynamodb:ap-south-1:321133955826:table/scarfall_terraform_locks_s3_jhmirn64",
            "attribute": [
              {
                "name": "LockID",
                "type": "S"
              }
            ],
            "billing_mode": "PAY_PER_REQUEST",
            "deletion_protection_enabled": false,
            "global_secondary_index": [],
            "hash_key": "LockID",
            "id": "scarfall_terraform_locks_s3_jhmirn64",
            "import_table": [],
            "local_secondary_index": [],
            "name": "scarfall_terraform_locks_s3_jhmirn64",
            "on_demand_throughput": [],
            "point_in_time_recovery": [
              {
                "enabled": false,
                "recovery_period_in_days": 0
              }
            ],
            "range_key": null,
            "read_capacity": 0,
            "replica": [],
            "restore_date_time": null,
            "restore_source_name": null,
            "restore_source_table_arn": null,
            "restore_to_latest_time": null,
            "server_side_encryption": [],
            "stream_arn": "",
            "stream_enabled": false,
            "stream_label": "",
            "stream_view_type": "",
            "table_class": "STANDARD",
            "tags": {},
            "tags_all": {},
            "timeouts": null,
            "ttl": [
              {
                "attribute_name": "",
                "enabled": false
              }
            ],
            "write_capacity": 0
          },
          "sensitive_attributes": [],
          "identity_schema_version": 0,
          "private": "eyJlMmJmYjczMC1lY2FhLTExZTYtOGY4OC0zNDM2M2JjN2M0YzAiOnsiY3JlYXRlIjoxODAwMDAwMDAwMDAwLCJkZWxldGUiOjYwMDAwMDAwMDAwMCwidXBkYXRlIjozNjAwMDAwMDAwMDAwfSwic2NoZW1hX3ZlcnNpb24iOiIxIn0=",
          "dependencies": [
            "aws_s3_bucket.s3_terraform_state",
            "random_string.suffix"
          ]
        },
        {
          "index_key": "vpc",
          "schema_version": 1,
          "attributes": {
            "arn": "arn:aws:dynamodb:ap-south-1:321133955826:table/scarfall_terraform_locks_vpc_jhmirn64",
            "attribute": [
              {
                "name": "LockID",
                "type": "S"
              }
            ],
            "billing_mode": "PAY_PER_REQUEST",
            "deletion_protection_enabled": false,
            "global_secondary_index": [],
            "hash_key": "LockID",
            "id": "scarfall_terraform_locks_vpc_jhmirn64",
            "import_table": [],
            "local_secondary_index": [],
            "name": "scarfall_terraform_locks_vpc_jhmirn64",
            "on_demand_throughput": [],
            "point_in_time_recovery": [
              {
                "enabled": false,
                "recovery_period_in_days": 0
              }
            ],
            "range_key": null,
            "read_capacity": 0,
            "replica": [],
            "restore_date_time": null,
            "restore_source_name": null,
            "restore_source_table_arn": null,
            "restore_to_latest_time": null,
            "server_side_encryption": [],
            "stream_arn": "",
            "stream_enabled": false,
            "stream_label": "",
            "stream_view_type": "",
            "table_class": "STANDARD",
            "tags": {},
            "tags_all": {},
            "timeouts": null,
            "ttl": [
              {
                "attribute_name": "",
                "enabled": false
              }
            ],
            "write_capacity": 0
          },
          "sensitive_attributes": [],
          "identity_schema_version": 0,
          "private": "eyJlMmJmYjczMC1lY2FhLTExZTYtOGY4OC0zNDM2M2JjN2M0YzAiOnsiY3JlYXRlIjoxODAwMDAwMDAwMDAwLCJkZWxldGUiOjYwMDAwMDAwMDAwMCwidXBkYXRlIjozNjAwMDAwMDAwMDAwfSwic2NoZW1hX3ZlcnNpb24iOiIxIn0=",
          "dependencies": [
            "aws_s3_bucket.s3_terraform_state",
            "random_string.suffix"
          ]
        }
      ]
    },
    {
      "mode": "managed",
      "type": "aws_s3_bucket",
      "name": "s3_terraform_state",
      "provider": "provider[\"registry.terraform.io/hashicorp/aws\"]",
      "instances": [
        {
          "schema_version": 0,
          "attributes": {
            "acceleration_status": "",
            "acl": null,
            "arn": "arn:aws:s3:::scarfall-terraform-state-jhmirn64",
            "bucket": "scarfall-terraform-state-jhmirn64",
            "bucket_domain_name": "scarfall-terraform-state-jhmirn64.s3.amazonaws.com",
            "bucket_prefix": "",
            "bucket_regional_domain_name": "scarfall-terraform-state-jhmirn64.s3.ap-south-1.amazonaws.com",
            "cors_rule": [],
            "force_destroy": false,
            "grant": [
              {
                "id": "915fae2dce473417d55f3d4bb9e1aed8a521e275ac22b616d66a85b60a48af15",
                "permissions": [
                  "FULL_CONTROL"
                ],
                "type": "CanonicalUser",
                "uri": ""
              }
            ],
            "hosted_zone_id": "Z11RGJOFQNVJUP",
            "id": "scarfall-terraform-state-jhmirn64",
            "lifecycle_rule": [],
            "logging": [],
            "object_lock_configuration": [],
            "object_lock_enabled": false,
            "policy": "",
            "region": "ap-south-1",
            "replication_configuration": [],
            "request_payer": "BucketOwner",
            "server_side_encryption_configuration": [
              {
                "rule": [
                  {
                    "apply_server_side_encryption_by_default": [
                      {
                        "kms_master_key_id": "",
                        "sse_algorithm": "AES256"
                      }
                    ],
                    "bucket_key_enabled": false
                  }
                ]
              }
            ],
            "tags": {},
            "tags_all": {},
            "timeouts": null,
            "versioning": [
              {
                "enabled": false,
                "mfa_delete": false
              }
            ],
            "website": [],
            "website_domain": null,
            "website_endpoint": null
          },
          "sensitive_attributes": [],
          "identity_schema_version": 0,
          "private": "eyJlMmJmYjczMC1lY2FhLTExZTYtOGY4OC0zNDM2M2JjN2M0YzAiOnsiY3JlYXRlIjoxMjAwMDAwMDAwMDAwLCJkZWxldGUiOjM2MDAwMDAwMDAwMDAsInJlYWQiOjEyMDAwMDAwMDAwMDAsInVwZGF0ZSI6MTIwMDAwMDAwMDAwMH19",
          "dependencies": [
            "random_string.suffix"
          ]
        }
      ]
    },
    {
      "mode": "managed",
      "type": "local_file",
      "name": "backend_config",
      "provider": "provider[\"registry.terraform.io/hashicorp/local\"]",
      "instances": [
        {
          "index_key": "efs",
          "schema_version": 0,
          "attributes": {
            "content": "terraform {\n  backend \"s3\" {\n    bucket         = \"scarfall-terraform-state-jhmirn64\"\n    key            = \"efs.tfstate\"\n    region         = \"ap-south-1\"\n    dynamodb_table = \"scarfall_terraform_locks_efs_jhmirn64\"\n    encrypt        = true\n    profile        = \"scarfall-prod\"\n  }\n}",
            "content_base64": null,
            "content_base64sha256": "LD1hPSsrqlYJhnone5NJzxt7NT40yE7KtyBhsRSrLDQ=",
            "content_base64sha512": "6CTFiX4BTW394bsXLEoGW+8oSkUL/rnNeGBfgYy4qZT/LAOHjoHs5fugs4acSwe2EW/siC5WDT0Nd9SgImN2+A==",
            "content_md5": "79c8435222abc5d2237a8d84729a20fc",
            "content_sha1": "438437b2d7ae740494e73bdc6b5aecf40fccee54",
            "content_sha256": "2c3d613d2b2baa5609867a277b9349cf1b7b353e34c84ecab72061b114ab2c34",
            "content_sha512": "e824c5897e014d6dfde1bb172c4a065bef284a450bfeb9cd78605f818cb8a994ff2c03878e81ece5fba0b3869c4b07b6116fec882e560d3d0d77d4a0226376f8",
            "directory_permission": "0777",
            "file_permission": "0777",
            "filename": "./../efs/backend.tf",
            "id": "438437b2d7ae740494e73bdc6b5aecf40fccee54",
            "sensitive_content": null,
            "source": null
          },
          "sensitive_attributes": [
            [
              {
                "type": "get_attr",
                "value": "sensitive_content"
              }
            ]
          ],
          "identity_schema_version": 0,
          "dependencies": [
            "aws_dynamodb_table.terraform_locks",
            "aws_s3_bucket.s3_terraform_state",
            "local_file.terraform_plan",
            "random_string.suffix"
          ]
        },
        {
          "index_key": "eks",
          "schema_version": 0,
          "attributes": {
            "content": "terraform {\n  backend \"s3\" {\n    bucket         = \"scarfall-terraform-state-jhmirn64\"\n    key            = \"eks.tfstate\"\n    region         = \"ap-south-1\"\n    dynamodb_table = \"scarfall_terraform_locks_eks_jhmirn64\"\n    encrypt        = true\n    profile        = \"scarfall-prod\"\n  }\n}",
            "content_base64": null,
            "content_base64sha256": "8WtLgHBPxUlx9z5eCaXyzWR9H1KhEsyBWl0ohHLdk2o=",
            "content_base64sha512": "MhaHi6zaNrkAiE1vRdw6it+UkJ+kszeH/QRSqvfewlYtlg2yB5jdM9l/CSveFy5oG+4rnP62ylFOZjnHgRyCpg==",
            "content_md5": "8b6592616d05582065682357fcad2528",
            "content_sha1": "a1a5a122ebbf3d7d8a0518c6e9b4d9713561b561",
            "content_sha256": "f16b4b80704fc54971f73e5e09a5f2cd647d1f52a112cc815a5d288472dd936a",
            "content_sha512": "3216878bacda36b900884d6f45dc3a8adf94909fa4b33787fd0452aaf7dec2562d960db20798dd33d97f092bde172e681bee2b9cfeb6ca514e6639c7811c82a6",
            "directory_permission": "0777",
            "file_permission": "0777",
            "filename": "./../eks/backend.tf",
            "id": "a1a5a122ebbf3d7d8a0518c6e9b4d9713561b561",
            "sensitive_content": null,
            "source": null
          },
          "sensitive_attributes": [
            [
              {
                "type": "get_attr",
                "value": "sensitive_content"
              }
            ]
          ],
          "identity_schema_version": 0,
          "dependencies": [
            "aws_dynamodb_table.terraform_locks",
            "aws_s3_bucket.s3_terraform_state",
            "local_file.terraform_plan",
            "random_string.suffix"
          ]
        },
        {
          "index_key": "eksaddon",
          "schema_version": 0,
          "attributes": {
            "content": "terraform {\n  backend \"s3\" {\n    bucket         = \"scarfall-terraform-state-jhmirn64\"\n    key            = \"eksaddon.tfstate\"\n    region         = \"ap-south-1\"\n    dynamodb_table = \"scarfall_terraform_locks_eksaddon_jhmirn64\"\n    encrypt        = true\n    profile        = \"scarfall-prod\"\n  }\n}",
            "content_base64": null,
            "content_base64sha256": "1N20G/183wiuIXmd9cBHCP4rgJLLS7PQJSdyby9CN2o=",
            "content_base64sha512": "8lwNM775SXWNZykfN6lZ5zosgRIB+HrXxc4oV4GeBu4OU/V/mN6E5krNrMfN2CyhSWUxwBgVuCm4VA28oCrhBw==",
            "content_md5": "9931bc415cf55ee425d9e7ad9a738782",
            "content_sha1": "5404eb86c32f28eaa26aa5c4f05b876f2d88d5c1",
            "content_sha256": "d4ddb41bfd7cdf08ae21799df5c04708fe2b8092cb4bb3d02527726f2f42376a",
            "content_sha512": "f25c0d33bef949758d67291f37a959e73a2c811201f87ad7c5ce2857819e06ee0e53f57f98de84e64acdacc7cdd82ca1496531c01815b829b8540dbca02ae107",
            "directory_permission": "0777",
            "file_permission": "0777",
            "filename": "./../eksaddon/backend.tf",
            "id": "5404eb86c32f28eaa26aa5c4f05b876f2d88d5c1",
            "sensitive_content": null,
            "source": null
          },
          "sensitive_attributes": [
            [
              {
                "type": "get_attr",
                "value": "sensitive_content"
              }
            ]
          ],
          "identity_schema_version": 0,
          "dependencies": [
            "aws_dynamodb_table.terraform_locks",
            "aws_s3_bucket.s3_terraform_state",
            "local_file.terraform_plan",
            "random_string.suffix"
          ]
        },
        {
          "index_key": "iam",
          "schema_version": 0,
          "attributes": {
            "content": "terraform {\n  backend \"s3\" {\n    bucket         = \"scarfall-terraform-state-jhmirn64\"\n    key            = \"iam.tfstate\"\n    region         = \"ap-south-1\"\n    dynamodb_table = \"scarfall_terraform_locks_iam_jhmirn64\"\n    encrypt        = true\n    profile        = \"scarfall-prod\"\n  }\n}",
            "content_base64": null,
            "content_base64sha256": "mnxnzF4DbsVJfqc0BG5mVngv44X/OgPbgkl1IfctwO8=",
            "content_base64sha512": "n5qjy+vrcYKlW3AvhyGo1Rm/7jpct80fkaFm1tUsaxu+0FCli1Ydhp2uxVWAJVUcSBT8DOCDbSnsELTjK+myCA==",
            "content_md5": "8f9a5ccc8c7805c59840d0bbaaf82949",
            "content_sha1": "fd522d53c3ecbce85739ada8385145990446d62d",
            "content_sha256": "9a7c67cc5e036ec5497ea734046e6656782fe385ff3a03db82497521f72dc0ef",
            "content_sha512": "9f9aa3cbebeb7182a55b702f8721a8d519bfee3a5cb7cd1f91a166d6d52c6b1bbed050a58b561d869daec5558025551c4814fc0ce0836d29ec10b4e32be9b208",
            "directory_permission": "0777",
            "file_permission": "0777",
            "filename": "./../iam/backend.tf",
            "id": "fd522d53c3ecbce85739ada8385145990446d62d",
            "sensitive_content": null,
            "source": null
          },
          "sensitive_attributes": [
            [
              {
                "type": "get_attr",
                "value": "sensitive_content"
              }
            ]
          ],
          "identity_schema_version": 0,
          "dependencies": [
            "aws_dynamodb_table.terraform_locks",
            "aws_s3_bucket.s3_terraform_state",
            "local_file.terraform_plan",
            "random_string.suffix"
          ]
        },
        {
          "index_key": "s3",
          "schema_version": 0,
          "attributes": {
            "content": "terraform {\n  backend \"s3\" {\n    bucket         = \"scarfall-terraform-state-jhmirn64\"\n    key            = \"s3.tfstate\"\n    region         = \"ap-south-1\"\n    dynamodb_table = \"scarfall_terraform_locks_s3_jhmirn64\"\n    encrypt        = true\n    profile        = \"scarfall-prod\"\n  }\n}",
            "content_base64": null,
            "content_base64sha256": "vL8zfqaSBHtoXX4qvrcBISY1iWL7d1kV1B6BkO2+bxs=",
            "content_base64sha512": "6//tQLbl7hsILOPuujZMybzopqIujFLJDRJYWHM724jYgvlSzHgpc8y5b4D8qc9APtFlGqwWgWZiu/YanWOhcw==",
            "content_md5": "29c9e38e8aa5d1f5af3015871e0cd954",
            "content_sha1": "414b203b575562eae43f2584948b5bef8100535c",
            "content_sha256": "bcbf337ea692047b685d7e2abeb7012126358962fb775915d41e8190edbe6f1b",
            "content_sha512": "ebffed40b6e5ee1b082ce3eeba364cc9bce8a6a22e8c52c90d125858733bdb88d882f952cc782973ccb96f80fca9cf403ed1651aac16816662bbf61a9d63a173",
            "directory_permission": "0777",
            "file_permission": "0777",
            "filename": "./../s3/backend.tf",
            "id": "414b203b575562eae43f2584948b5bef8100535c",
            "sensitive_content": null,
            "source": null
          },
          "sensitive_attributes": [
            [
              {
                "type": "get_attr",
                "value": "sensitive_content"
              }
            ]
          ],
          "identity_schema_version": 0,
          "dependencies": [
            "aws_dynamodb_table.terraform_locks",
            "aws_s3_bucket.s3_terraform_state",
            "local_file.terraform_plan",
            "random_string.suffix"
          ]
        },
        {
          "index_key": "vpc",
          "schema_version": 0,
          "attributes": {
            "content": "terraform {\n  backend \"s3\" {\n    bucket         = \"scarfall-terraform-state-jhmirn64\"\n    key            = \"vpc.tfstate\"\n    region         = \"ap-south-1\"\n    dynamodb_table = \"scarfall_terraform_locks_vpc_jhmirn64\"\n    encrypt        = true\n    profile        = \"scarfall-prod\"\n  }\n}",
            "content_base64": null,
            "content_base64sha256": "ahA+PUDQ8ZLxCyBvAarwpzoJpio+5VkWIFGuTsBfuSM=",
            "content_base64sha512": "iDU2gD/2pfphO8oJ96NbLthowlXgbqLhbulrUSriTvq1GeGBXDOmKW1ar8ES5/uO5CsvH1ZiK12SziFJG1JYcg==",
            "content_md5": "72c6216452c599418d85526a5ec98a94",
            "content_sha1": "21bcdf63a5e11602cec00b7cb2144d52da915c02",
            "content_sha256": "6a103e3d40d0f192f10b206f01aaf0a73a09a62a3ee559162051ae4ec05fb923",
            "content_sha512": "883536803ff6a5fa613bca09f7a35b2ed868c255e06ea2e16ee96b512ae24efab519e1815c33a6296d5aafc112e7fb8ee42b2f1f56622b5d92ce21491b525872",
            "directory_permission": "0777",
            "file_permission": "0777",
            "filename": "./../vpc/backend.tf",
            "id": "21bcdf63a5e11602cec00b7cb2144d52da915c02",
            "sensitive_content": null,
            "source": null
          },
          "sensitive_attributes": [
            [
              {
                "type": "get_attr",
                "value": "sensitive_content"
              }
            ]
          ],
          "identity_schema_version": 0,
          "dependencies": [
            "aws_dynamodb_table.terraform_locks",
            "aws_s3_bucket.s3_terraform_state",
            "local_file.terraform_plan",
            "random_string.suffix"
          ]
        }
      ]
    },
    {
      "mode": "managed",
      "type": "local_file",
      "name": "remote_config",
      "provider": "provider[\"registry.terraform.io/hashicorp/local\"]",
      "instances": [
        {
          "index_key": "efs",
          "schema_version": 0,
          "attributes": {
            "content": "data \"terraform_remote_state\" \"vpc\" {\n  backend = \"s3\"\n  config = {\n    bucket  = \"scarfall-terraform-state-jhmirn64\"\n    region  = \"ap-south-1\"\n    key     = \"vpc.tfstate\"\n    profile = \"scarfall-prod\"\n  }\n}\n",
            "content_base64": null,
            "content_base64sha256": "yxbwsUu9IQJ1/NVp5y1o7B7olpDvZNlgEpyMSb7hNb4=",
            "content_base64sha512": "Uqw97oWvpjM7ucTjzpwDwpsq9yYai6Dtn5t0k1HkaTzVo5j7fibrndM38Kkl7hrLpsrIosmQvW9vL7wH9/E2zA==",
            "content_md5": "9b1286cd8eb83f561887bb4bde3bb939",
            "content_sha1": "41c6e73a74438c6b0dba857e39e9134d23b9e230",
            "content_sha256": "cb16f0b14bbd210275fcd569e72d68ec1ee89690ef64d960129c8c49bee135be",
            "content_sha512": "52ac3dee85afa6333bb9c4e3ce9c03c29b2af7261a8ba0ed9f9b749351e4693cd5a398fb7e26eb9dd337f0a925ee1acba6cac8a2c990bd6f6f2fbc07f7f136cc",
            "directory_permission": "0777",
            "file_permission": "0777",
            "filename": "./../efs/remote-state.tf",
            "id": "41c6e73a74438c6b0dba857e39e9134d23b9e230",
            "sensitive_content": null,
            "source": null
          },
          "sensitive_attributes": [
            [
              {
                "type": "get_attr",
                "value": "sensitive_content"
              }
            ]
          ],
          "identity_schema_version": 0,
          "dependencies": [
            "aws_dynamodb_table.terraform_locks",
            "aws_s3_bucket.s3_terraform_state",
            "local_file.terraform_plan",
            "random_string.suffix"
          ]
        },
        {
          "index_key": "eks",
          "schema_version": 0,
          "attributes": {
            "content": "data \"terraform_remote_state\" \"vpc\" {\n  backend = \"s3\"\n  config = {\n    bucket  = \"scarfall-terraform-state-jhmirn64\"\n    region  = \"ap-south-1\"\n    key     = \"vpc.tfstate\"\n    profile = \"scarfall-prod\"\n  }\n}\n",
            "content_base64": null,
            "content_base64sha256": "yxbwsUu9IQJ1/NVp5y1o7B7olpDvZNlgEpyMSb7hNb4=",
            "content_base64sha512": "Uqw97oWvpjM7ucTjzpwDwpsq9yYai6Dtn5t0k1HkaTzVo5j7fibrndM38Kkl7hrLpsrIosmQvW9vL7wH9/E2zA==",
            "content_md5": "9b1286cd8eb83f561887bb4bde3bb939",
            "content_sha1": "41c6e73a74438c6b0dba857e39e9134d23b9e230",
            "content_sha256": "cb16f0b14bbd210275fcd569e72d68ec1ee89690ef64d960129c8c49bee135be",
            "content_sha512": "52ac3dee85afa6333bb9c4e3ce9c03c29b2af7261a8ba0ed9f9b749351e4693cd5a398fb7e26eb9dd337f0a925ee1acba6cac8a2c990bd6f6f2fbc07f7f136cc",
            "directory_permission": "0777",
            "file_permission": "0777",
            "filename": "./../eks/remote-state.tf",
            "id": "41c6e73a74438c6b0dba857e39e9134d23b9e230",
            "sensitive_content": null,
            "source": null
          },
          "sensitive_attributes": [
            [
              {
                "type": "get_attr",
                "value": "sensitive_content"
              }
            ]
          ],
          "identity_schema_version": 0,
          "dependencies": [
            "aws_dynamodb_table.terraform_locks",
            "aws_s3_bucket.s3_terraform_state",
            "local_file.terraform_plan",
            "random_string.suffix"
          ]
        },
        {
          "index_key": "eksaddon",
          "schema_version": 0,
          "attributes": {
            "content": "data \"terraform_remote_state\" \"vpc\" {\n  backend = \"s3\"\n  config = {\n    bucket  = \"scarfall-terraform-state-jhmirn64\"\n    region  = \"ap-south-1\"\n    key     = \"vpc.tfstate\"\n    profile = \"scarfall-prod\"\n  }\n}\ndata \"terraform_remote_state\" \"eks\" {\n  backend = \"s3\"\n  config = {\n    bucket  = \"scarfall-terraform-state-jhmirn64\"\n    region  = \"ap-south-1\"\n    key     = \"eks.tfstate\"\n    profile = \"scarfall-prod\"\n  }\n}\ndata \"terraform_remote_state\" \"efs\" {\n  backend = \"s3\"\n  config = {\n    bucket  = \"scarfall-terraform-state-jhmirn64\"\n    region  = \"ap-south-1\"\n    key     = \"efs.tfstate\"\n    profile = \"scarfall-prod\"\n  }\n}\n",
            "content_base64": null,
            "content_base64sha256": "8sQx2zgegcCp+4VV+8rK1U2wfF/D+JVpisjKNHPInSI=",
            "content_base64sha512": "DNx/VW6mFo2ooDHs7xRkTDvtLVQf3/iPF7fQwEkqNxnA6lEr2hcM05PTGzCwufs4WEcA72qx47LoBjps6Mfvbg==",
            "content_md5": "d5ce71b1a5fdaa082cb4f2af4429cbd0",
            "content_sha1": "41859605c34bb55b7044eb9e2add8cccdcd8650e",
            "content_sha256": "f2c431db381e81c0a9fb8555fbcacad54db07c5fc3f895698ac8ca3473c89d22",
            "content_sha512": "0cdc7f556ea6168da8a031ecef14644c3bed2d541fdff88f17b7d0c0492a3719c0ea512bda170cd393d31b30b0b9fb38584700ef6ab1e3b2e8063a6ce8c7ef6e",
            "directory_permission": "0777",
            "file_permission": "0777",
            "filename": "./../eksaddon/remote-state.tf",
            "id": "41859605c34bb55b7044eb9e2add8cccdcd8650e",
            "sensitive_content": null,
            "source": null
          },
          "sensitive_attributes": [
            [
              {
                "type": "get_attr",
                "value": "sensitive_content"
              }
            ]
          ],
          "identity_schema_version": 0,
          "dependencies": [
            "aws_dynamodb_table.terraform_locks",
            "aws_s3_bucket.s3_terraform_state",
            "local_file.terraform_plan",
            "random_string.suffix"
          ]
        },
        {
          "index_key": "iam",
          "schema_version": 0,
          "attributes": {
            "content": "data \"terraform_remote_state\" \"eks\" {\n  backend = \"s3\"\n  config = {\n    bucket  = \"scarfall-terraform-state-jhmirn64\"\n    region  = \"ap-south-1\"\n    key     = \"eks.tfstate\"\n    profile = \"scarfall-prod\"\n  }\n}\n",
            "content_base64": null,
            "content_base64sha256": "1SIVIibgJSO2b0JyqnesyK9CfbyM8LZ+78XN5Q2DiCc=",
            "content_base64sha512": "oN10HL9Ug7UAFiWuzL4EwWPCXzVXrVeV//XGZEKw8uLmg5hd3/X25zGOlSnhFePEhKxmukMjHcst3/2DpP11Uw==",
            "content_md5": "6d10ed5ab513a876284a10742c9f5d71",
            "content_sha1": "f0b4820b7683dd8c990eea55dbab9487fef00e5d",
            "content_sha256": "d522152226e02523b66f4272aa77acc8af427dbc8cf0b67eefc5cde50d838827",
            "content_sha512": "a0dd741cbf5483b5001625aeccbe04c163c25f3557ad5795fff5c66442b0f2e2e683985ddff5f6e7318e9529e115e3c484ac66ba43231dcb2ddffd83a4fd7553",
            "directory_permission": "0777",
            "file_permission": "0777",
            "filename": "./../iam/remote-state.tf",
            "id": "f0b4820b7683dd8c990eea55dbab9487fef00e5d",
            "sensitive_content": null,
            "source": null
          },
          "sensitive_attributes": [
            [
              {
                "type": "get_attr",
                "value": "sensitive_content"
              }
            ]
          ],
          "identity_schema_version": 0,
          "dependencies": [
            "aws_dynamodb_table.terraform_locks",
            "aws_s3_bucket.s3_terraform_state",
            "local_file.terraform_plan",
            "random_string.suffix"
          ]
        }
      ]
    },
    {
      "mode": "managed",
      "type": "local_file",
      "name": "terraform_plan",
      "provider": "provider[\"registry.terraform.io/hashicorp/local\"]",
      "instances": [
        {
          "index_key": "efs",
          "schema_version": 0,
          "attributes": {
            "content": "",
            "content_base64": null,
            "content_base64sha256": "47DEQpj8HBSa+/TImW+5JCeuQeRkm5NMpJWZG3hSuFU=",
            "content_base64sha512": "z4PhNX7vuL3xVChQ1m2AB9Yg5AULVxXcg/SpIdNs6c5H0NE8XYXysP+DGNKHfuwvY7kxvUdBeoGlODJ6+SfaPg==",
            "content_md5": "d41d8cd98f00b204e9800998ecf8427e",
            "content_sha1": "da39a3ee5e6b4b0d3255bfef95601890afd80709",
            "content_sha256": "e3b0c44298fc1c149afbf4c8996fb92427ae41e4649b934ca495991b7852b855",
            "content_sha512": "cf83e1357eefb8bdf1542850d66d8007d620e4050b5715dc83f4a921d36ce9ce47d0d13c5d85f2b0ff8318d2877eec2f63b931bd47417a81a538327af927da3e",
            "directory_permission": "0777",
            "file_permission": "0777",
            "filename": "./../efs/plan/.gitkeep",
            "id": "da39a3ee5e6b4b0d3255bfef95601890afd80709",
            "sensitive_content": null,
            "source": null
          },
          "sensitive_attributes": [
            [
              {
                "type": "get_attr",
                "value": "sensitive_content"
              }
            ]
          ],
          "identity_schema_version": 0,
          "dependencies": [
            "aws_dynamodb_table.terraform_locks",
            "aws_s3_bucket.s3_terraform_state",
            "random_string.suffix"
          ]
        },
        {
          "index_key": "eks",
          "schema_version": 0,
          "attributes": {
            "content": "",
            "content_base64": null,
            "content_base64sha256": "47DEQpj8HBSa+/TImW+5JCeuQeRkm5NMpJWZG3hSuFU=",
            "content_base64sha512": "z4PhNX7vuL3xVChQ1m2AB9Yg5AULVxXcg/SpIdNs6c5H0NE8XYXysP+DGNKHfuwvY7kxvUdBeoGlODJ6+SfaPg==",
            "content_md5": "d41d8cd98f00b204e9800998ecf8427e",
            "content_sha1": "da39a3ee5e6b4b0d3255bfef95601890afd80709",
            "content_sha256": "e3b0c44298fc1c149afbf4c8996fb92427ae41e4649b934ca495991b7852b855",
            "content_sha512": "cf83e1357eefb8bdf1542850d66d8007d620e4050b5715dc83f4a921d36ce9ce47d0d13c5d85f2b0ff8318d2877eec2f63b931bd47417a81a538327af927da3e",
            "directory_permission": "0777",
            "file_permission": "0777",
            "filename": "./../eks/plan/.gitkeep",
            "id": "da39a3ee5e6b4b0d3255bfef95601890afd80709",
            "sensitive_content": null,
            "source": null
          },
          "sensitive_attributes": [
            [
              {
                "type": "get_attr",
                "value": "sensitive_content"
              }
            ]
          ],
          "identity_schema_version": 0,
          "dependencies": [
            "aws_dynamodb_table.terraform_locks",
            "aws_s3_bucket.s3_terraform_state",
            "random_string.suffix"
          ]
        },
        {
          "index_key": "eksaddon",
          "schema_version": 0,
          "attributes": {
            "content": "",
            "content_base64": null,
            "content_base64sha256": "47DEQpj8HBSa+/TImW+5JCeuQeRkm5NMpJWZG3hSuFU=",
            "content_base64sha512": "z4PhNX7vuL3xVChQ1m2AB9Yg5AULVxXcg/SpIdNs6c5H0NE8XYXysP+DGNKHfuwvY7kxvUdBeoGlODJ6+SfaPg==",
            "content_md5": "d41d8cd98f00b204e9800998ecf8427e",
            "content_sha1": "da39a3ee5e6b4b0d3255bfef95601890afd80709",
            "content_sha256": "e3b0c44298fc1c149afbf4c8996fb92427ae41e4649b934ca495991b7852b855",
            "content_sha512": "cf83e1357eefb8bdf1542850d66d8007d620e4050b5715dc83f4a921d36ce9ce47d0d13c5d85f2b0ff8318d2877eec2f63b931bd47417a81a538327af927da3e",
            "directory_permission": "0777",
            "file_permission": "0777",
            "filename": "./../eksaddon/plan/.gitkeep",
            "id": "da39a3ee5e6b4b0d3255bfef95601890afd80709",
            "sensitive_content": null,
            "source": null
          },
          "sensitive_attributes": [
            [
              {
                "type": "get_attr",
                "value": "sensitive_content"
              }
            ]
          ],
          "identity_schema_version": 0,
          "dependencies": [
            "aws_dynamodb_table.terraform_locks",
            "aws_s3_bucket.s3_terraform_state",
            "random_string.suffix"
          ]
        },
        {
          "index_key": "iam",
          "schema_version": 0,
          "attributes": {
            "content": "",
            "content_base64": null,
            "content_base64sha256": "47DEQpj8HBSa+/TImW+5JCeuQeRkm5NMpJWZG3hSuFU=",
            "content_base64sha512": "z4PhNX7vuL3xVChQ1m2AB9Yg5AULVxXcg/SpIdNs6c5H0NE8XYXysP+DGNKHfuwvY7kxvUdBeoGlODJ6+SfaPg==",
            "content_md5": "d41d8cd98f00b204e9800998ecf8427e",
            "content_sha1": "da39a3ee5e6b4b0d3255bfef95601890afd80709",
            "content_sha256": "e3b0c44298fc1c149afbf4c8996fb92427ae41e4649b934ca495991b7852b855",
            "content_sha512": "cf83e1357eefb8bdf1542850d66d8007d620e4050b5715dc83f4a921d36ce9ce47d0d13c5d85f2b0ff8318d2877eec2f63b931bd47417a81a538327af927da3e",
            "directory_permission": "0777",
            "file_permission": "0777",
            "filename": "./../iam/plan/.gitkeep",
            "id": "da39a3ee5e6b4b0d3255bfef95601890afd80709",
            "sensitive_content": null,
            "source": null
          },
          "sensitive_attributes": [
            [
              {
                "type": "get_attr",
                "value": "sensitive_content"
              }
            ]
          ],
          "identity_schema_version": 0,
          "dependencies": [
            "aws_dynamodb_table.terraform_locks",
            "aws_s3_bucket.s3_terraform_state",
            "random_string.suffix"
          ]
        },
        {
          "index_key": "s3",
          "schema_version": 0,
          "attributes": {
            "content": "",
            "content_base64": null,
            "content_base64sha256": "47DEQpj8HBSa+/TImW+5JCeuQeRkm5NMpJWZG3hSuFU=",
            "content_base64sha512": "z4PhNX7vuL3xVChQ1m2AB9Yg5AULVxXcg/SpIdNs6c5H0NE8XYXysP+DGNKHfuwvY7kxvUdBeoGlODJ6+SfaPg==",
            "content_md5": "d41d8cd98f00b204e9800998ecf8427e",
            "content_sha1": "da39a3ee5e6b4b0d3255bfef95601890afd80709",
            "content_sha256": "e3b0c44298fc1c149afbf4c8996fb92427ae41e4649b934ca495991b7852b855",
            "content_sha512": "cf83e1357eefb8bdf1542850d66d8007d620e4050b5715dc83f4a921d36ce9ce47d0d13c5d85f2b0ff8318d2877eec2f63b931bd47417a81a538327af927da3e",
            "directory_permission": "0777",
            "file_permission": "0777",
            "filename": "./../s3/plan/.gitkeep",
            "id": "da39a3ee5e6b4b0d3255bfef95601890afd80709",
            "sensitive_content": null,
            "source": null
          },
          "sensitive_attributes": [
            [
              {
                "type": "get_attr",
                "value": "sensitive_content"
              }
            ]
          ],
          "identity_schema_version": 0,
          "dependencies": [
            "aws_dynamodb_table.terraform_locks",
            "aws_s3_bucket.s3_terraform_state",
            "random_string.suffix"
          ]
        },
        {
          "index_key": "vpc",
          "schema_version": 0,
          "attributes": {
            "content": "",
            "content_base64": null,
            "content_base64sha256": "47DEQpj8HBSa+/TImW+5JCeuQeRkm5NMpJWZG3hSuFU=",
            "content_base64sha512": "z4PhNX7vuL3xVChQ1m2AB9Yg5AULVxXcg/SpIdNs6c5H0NE8XYXysP+DGNKHfuwvY7kxvUdBeoGlODJ6+SfaPg==",
            "content_md5": "d41d8cd98f00b204e9800998ecf8427e",
            "content_sha1": "da39a3ee5e6b4b0d3255bfef95601890afd80709",
            "content_sha256": "e3b0c44298fc1c149afbf4c8996fb92427ae41e4649b934ca495991b7852b855",
            "content_sha512": "cf83e1357eefb8bdf1542850d66d8007d620e4050b5715dc83f4a921d36ce9ce47d0d13c5d85f2b0ff8318d2877eec2f63b931bd47417a81a538327af927da3e",
            "directory_permission": "0777",
            "file_permission": "0777",
            "filename": "./../vpc/plan/.gitkeep",
            "id": "da39a3ee5e6b4b0d3255bfef95601890afd80709",
            "sensitive_content": null,
            "source": null
          },
          "sensitive_attributes": [
            [
              {
                "type": "get_attr",
                "value": "sensitive_content"
              }
            ]
          ],
          "identity_schema_version": 0,
          "dependencies": [
            "aws_dynamodb_table.terraform_locks",
            "aws_s3_bucket.s3_terraform_state",
            "random_string.suffix"
          ]
        }
      ]
    },
    {
      "mode": "managed",
      "type": "random_string",
      "name": "suffix",
      "provider": "provider[\"registry.terraform.io/hashicorp/random\"]",
      "instances": [
        {
          "schema_version": 2,
          "attributes": {
            "id": "jhmirn64",
            "keepers": null,
            "length": 8,
            "lower": true,
            "min_lower": 6,
            "min_numeric": 2,
            "min_special": 0,
            "min_upper": 0,
            "number": true,
            "numeric": true,
            "override_special": null,
            "result": "jhmirn64",
            "special": false,
            "upper": true
          },
          "sensitive_attributes": [],
          "identity_schema_version": 0
        }
      ]
    }
  ],
  "check_results": null
}
